// !$*UTF8*$!
{
	archiveVersion = 1;
	classes = {
	};
	objectVersion = 42;
	objects = {

/* Begin PBXBuildFile section */
		2B44C62E0DA7C545003D204F /* PasswordManager.m in Sources */ = {isa = PBXBuildFile; fileRef = 2B44C62D0DA7C545003D204F /* PasswordManager.m */; };
		2B44C63E0DA7C907003D204F /* Security.framework in Frameworks */ = {isa = PBXBuildFile; fileRef = 2B44C63D0DA7C907003D204F /* Security.framework */; };
		2B44C6570DA7CBAE003D204F /* PasswordManagerTestCase.m in Sources */ = {isa = PBXBuildFile; fileRef = 2B44C6560DA7CBAE003D204F /* PasswordManagerTestCase.m */; };
		2B44C6BB0DA7CE08003D204F /* PasswordManager.m in Sources */ = {isa = PBXBuildFile; fileRef = 2B44C62D0DA7C545003D204F /* PasswordManager.m */; };
		2B44C6F70DA7CE24003D204F /* Security.framework in Frameworks */ = {isa = PBXBuildFile; fileRef = 2B44C63D0DA7C907003D204F /* Security.framework */; };
		2B75AF1F0999412D0095A74D /* ABPlugin.m in Sources */ = {isa = PBXBuildFile; fileRef = 2B75AF1D0999412D0095A74D /* ABPlugin.m */; };
		2B75AF200999412D0095A74D /* Contact.m in Sources */ = {isa = PBXBuildFile; fileRef = 2B75AF1E0999412D0095A74D /* Contact.m */; };
		2B75AF2B099941F40095A74D /* AddressBook.framework in Frameworks */ = {isa = PBXBuildFile; fileRef = 2B75AF2A099941F40095A74D /* AddressBook.framework */; };
		2B9E5DC80DAA56330012959C /* ABPluginTestCase.m in Sources */ = {isa = PBXBuildFile; fileRef = 2B9E5DC70DAA56330012959C /* ABPluginTestCase.m */; };
		2BDBBEFB0D54BEB90043A8F1 /* TestRunner.nib in Resources */ = {isa = PBXBuildFile; fileRef = 2BDBBEFA0D54BEB90043A8F1 /* TestRunner.nib */; };
		2BDBBF0F0D54BF3D0043A8F1 /* TestRunner.m in Sources */ = {isa = PBXBuildFile; fileRef = 2BDBBF0E0D54BF3D0043A8F1 /* TestRunner.m */; };
		2BDBBF380D54BFFE0043A8F1 /* Cocoa.framework in Frameworks */ = {isa = PBXBuildFile; fileRef = 1058C7ADFEA557BF11CA2CBB /* Cocoa.framework */; };
		2BDBBF450D54C0520043A8F1 /* ABPlugin.widgetplugin in Resources */ = {isa = PBXBuildFile; fileRef = 8D5B49B6048680CD000E48DA /* ABPlugin.widgetplugin */; };
		2BDBBF7F0D54C1CD0043A8F1 /* TestRunnerMain.m in Sources */ = {isa = PBXBuildFile; fileRef = 2BDBBF7E0D54C1CD0043A8F1 /* TestRunnerMain.m */; };
		8D5B49B0048680CD000E48DA /* InfoPlist.strings in Resources */ = {isa = PBXBuildFile; fileRef = 089C167DFE841241C02AAC07 /* InfoPlist.strings */; };
		8D5B49B4048680CD000E48DA /* Cocoa.framework in Frameworks */ = {isa = PBXBuildFile; fileRef = 1058C7ADFEA557BF11CA2CBB /* Cocoa.framework */; };
/* End PBXBuildFile section */

/* Begin PBXContainerItemProxy section */
		2B9E5D0C0DAA44640012959C /* PBXContainerItemProxy */ = {
			isa = PBXContainerItemProxy;
			containerPortal = 089C1669FE841209C02AAC07 /* Project object */;
			proxyType = 1;
			remoteGlobalIDString = 2BDBBEDA0D54BDE60043A8F1;
			remoteInfo = TestRunner;
		};
		2BDBB38C0D54B6FE0043A8F1 /* PBXContainerItemProxy */ = {
			isa = PBXContainerItemProxy;
			containerPortal = 089C1669FE841209C02AAC07 /* Project object */;
			proxyType = 1;
			remoteGlobalIDString = 8D5B49AC048680CD000E48DA;
			remoteInfo = ABPlugin;
		};
		2BDBBF400D54C0310043A8F1 /* PBXContainerItemProxy */ = {
			isa = PBXContainerItemProxy;
			containerPortal = 089C1669FE841209C02AAC07 /* Project object */;
			proxyType = 1;
			remoteGlobalIDString = 8D5B49AC048680CD000E48DA;
			remoteInfo = ABPlugin;
		};
/* End PBXContainerItemProxy section */

/* Begin PBXFileReference section */
		089C1672FE841209C02AAC07 /* Foundation.framework */ = {isa = PBXFileReference; lastKnownFileType = wrapper.framework; name = Foundation.framework; path = /System/Library/Frameworks/Foundation.framework; sourceTree = "<absolute>"; };
		089C167EFE841241C02AAC07 /* English */ = {isa = PBXFileReference; fileEncoding = 10; lastKnownFileType = text.plist.strings; name = English; path = English.lproj/InfoPlist.strings; sourceTree = "<group>"; };
		089C167FFE841241C02AAC07 /* AppKit.framework */ = {isa = PBXFileReference; lastKnownFileType = wrapper.framework; name = AppKit.framework; path = /System/Library/Frameworks/AppKit.framework; sourceTree = "<absolute>"; };
		1058C7ADFEA557BF11CA2CBB /* Cocoa.framework */ = {isa = PBXFileReference; lastKnownFileType = wrapper.framework; name = Cocoa.framework; path = /System/Library/Frameworks/Cocoa.framework; sourceTree = "<absolute>"; };
		2B44C62C0DA7C545003D204F /* PasswordManager.h */ = {isa = PBXFileReference; fileEncoding = 4; lastKnownFileType = sourcecode.c.h; path = PasswordManager.h; sourceTree = "<group>"; };
		2B44C62D0DA7C545003D204F /* PasswordManager.m */ = {isa = PBXFileReference; fileEncoding = 4; lastKnownFileType = sourcecode.c.objc; path = PasswordManager.m; sourceTree = "<group>"; };
		2B44C63D0DA7C907003D204F /* Security.framework */ = {isa = PBXFileReference; lastKnownFileType = wrapper.framework; name = Security.framework; path = /System/Library/Frameworks/Security.framework; sourceTree = "<absolute>"; };
		2B44C6550DA7CBAE003D204F /* PasswordManagerTestCase.h */ = {isa = PBXFileReference; fileEncoding = 4; lastKnownFileType = sourcecode.c.h; path = PasswordManagerTestCase.h; sourceTree = "<group>"; };
		2B44C6560DA7CBAE003D204F /* PasswordManagerTestCase.m */ = {isa = PBXFileReference; fileEncoding = 4; lastKnownFileType = sourcecode.c.objc; path = PasswordManagerTestCase.m; sourceTree = "<group>"; };
		2B75AF1B0999412D0095A74D /* ABPlugin.h */ = {isa = PBXFileReference; fileEncoding = 4; lastKnownFileType = sourcecode.c.h; path = ABPlugin.h; sourceTree = "<group>"; };
		2B75AF1C0999412D0095A74D /* Contact.h */ = {isa = PBXFileReference; fileEncoding = 30; lastKnownFileType = sourcecode.c.h; path = Contact.h; sourceTree = "<group>"; };
		2B75AF1D0999412D0095A74D /* ABPlugin.m */ = {isa = PBXFileReference; fileEncoding = 30; lastKnownFileType = sourcecode.c.objc; path = ABPlugin.m; sourceTree = "<group>"; };
		2B75AF1E0999412D0095A74D /* Contact.m */ = {isa = PBXFileReference; fileEncoding = 4; lastKnownFileType = sourcecode.c.objc; path = Contact.m; sourceTree = "<group>"; };
		2B75AF2A099941F40095A74D /* AddressBook.framework */ = {isa = PBXFileReference; lastKnownFileType = wrapper.framework; name = AddressBook.framework; path = /System/Library/Frameworks/AddressBook.framework; sourceTree = "<absolute>"; };
		2B9E5DC60DAA56330012959C /* ABPluginTestCase.h */ = {isa = PBXFileReference; fileEncoding = 4; lastKnownFileType = sourcecode.c.h; path = ABPluginTestCase.h; sourceTree = "<group>"; };
		2B9E5DC70DAA56330012959C /* ABPluginTestCase.m */ = {isa = PBXFileReference; fileEncoding = 4; lastKnownFileType = sourcecode.c.objc; path = ABPluginTestCase.m; sourceTree = "<group>"; };
		2BDBB3770D54B64F0043A8F1 /* ContactTestCase.h */ = {isa = PBXFileReference; fileEncoding = 4; lastKnownFileType = sourcecode.c.h; path = ContactTestCase.h; sourceTree = "<group>"; };
		2BDBB3780D54B64F0043A8F1 /* ContactTestCase.m */ = {isa = PBXFileReference; fileEncoding = 4; lastKnownFileType = sourcecode.c.objc; path = ContactTestCase.m; sourceTree = "<group>"; };
		2BDBB3860D54B6F70043A8F1 /* ABPluginTest.octest */ = {isa = PBXFileReference; explicitFileType = wrapper.cfbundle; includeInIndex = 0; path = ABPluginTest.octest; sourceTree = BUILT_PRODUCTS_DIR; };
		2BDBB3870D54B6F70043A8F1 /* ABPluginTest-Info.plist */ = {isa = PBXFileReference; lastKnownFileType = text.xml; path = "ABPluginTest-Info.plist"; sourceTree = "<group>"; };
		2BDBBEDB0D54BDE60043A8F1 /* TestRunner.app */ = {isa = PBXFileReference; explicitFileType = wrapper.application; includeInIndex = 0; path = TestRunner.app; sourceTree = BUILT_PRODUCTS_DIR; };
		2BDBBEFA0D54BEB90043A8F1 /* TestRunner.nib */ = {isa = PBXFileReference; lastKnownFileType = wrapper.nib; name = TestRunner.nib; path = TestRunner/TestRunner.nib; sourceTree = "<group>"; };
		2BDBBF0D0D54BF3D0043A8F1 /* TestRunner.h */ = {isa = PBXFileReference; fileEncoding = 4; lastKnownFileType = sourcecode.c.h; path = TestRunner.h; sourceTree = "<group>"; };
		2BDBBF0E0D54BF3D0043A8F1 /* TestRunner.m */ = {isa = PBXFileReference; fileEncoding = 4; lastKnownFileType = sourcecode.c.objc; path = TestRunner.m; sourceTree = "<group>"; };
		2BDBBF7E0D54C1CD0043A8F1 /* TestRunnerMain.m */ = {isa = PBXFileReference; fileEncoding = 30; lastKnownFileType = sourcecode.c.objc; path = TestRunnerMain.m; sourceTree = "<group>"; };
		2BDBBF930D54C27F0043A8F1 /* TestRunner-Info.plist */ = {isa = PBXFileReference; fileEncoding = 30; lastKnownFileType = text.xml; path = "TestRunner-Info.plist"; sourceTree = "<group>"; };
		32DBCF630370AF2F00C91783 /* ABPlugin_Prefix.pch */ = {isa = PBXFileReference; fileEncoding = 4; lastKnownFileType = sourcecode.c.h; path = ABPlugin_Prefix.pch; sourceTree = "<group>"; };
		8D5B49B6048680CD000E48DA /* ABPlugin.widgetplugin */ = {isa = PBXFileReference; explicitFileType = wrapper.cfbundle; includeInIndex = 0; path = ABPlugin.widgetplugin; sourceTree = BUILT_PRODUCTS_DIR; };
		8D5B49B7048680CD000E48DA /* Info.plist */ = {isa = PBXFileReference; fileEncoding = 4; lastKnownFileType = text.xml; path = Info.plist; sourceTree = "<group>"; };
		D2F7E65807B2D6F200F64583 /* CoreData.framework */ = {isa = PBXFileReference; lastKnownFileType = wrapper.framework; name = CoreData.framework; path = /System/Library/Frameworks/CoreData.framework; sourceTree = "<absolute>"; };
/* End PBXFileReference section */

/* Begin PBXFrameworksBuildPhase section */
		2BDBB3830D54B6F70043A8F1 /* Frameworks */ = {
			isa = PBXFrameworksBuildPhase;
			buildActionMask = 2147483647;
			files = (
				2B44C6F70DA7CE24003D204F /* Security.framework in Frameworks */,
			);
			runOnlyForDeploymentPostprocessing = 0;
		};
		2BDBBED90D54BDE60043A8F1 /* Frameworks */ = {
			isa = PBXFrameworksBuildPhase;
			buildActionMask = 2147483647;
			files = (
				2BDBBF380D54BFFE0043A8F1 /* Cocoa.framework in Frameworks */,
			);
			runOnlyForDeploymentPostprocessing = 0;
		};
		8D5B49B3048680CD000E48DA /* Frameworks */ = {
			isa = PBXFrameworksBuildPhase;
			buildActionMask = 2147483647;
			files = (
				8D5B49B4048680CD000E48DA /* Cocoa.framework in Frameworks */,
				2B75AF2B099941F40095A74D /* AddressBook.framework in Frameworks */,
				2B44C63E0DA7C907003D204F /* Security.framework in Frameworks */,
			);
			runOnlyForDeploymentPostprocessing = 0;
		};
/* End PBXFrameworksBuildPhase section */

/* Begin PBXGroup section */
		089C166AFE841209C02AAC07 /* ABPlugin */ = {
			isa = PBXGroup;
			children = (
				2BDBB3740D54B6300043A8F1 /* Test */,
				08FB77AFFE84173DC02AAC07 /* Classes */,
				32C88E010371C26100C91783 /* Other Sources */,
				089C167CFE841241C02AAC07 /* Resources */,
				089C1671FE841209C02AAC07 /* Frameworks and Libraries */,
				19C28FB8FE9D52D311CA2CBB /* Products */,
			);
			name = ABPlugin;
			sourceTree = "<group>";
		};
		089C1671FE841209C02AAC07 /* Frameworks and Libraries */ = {
			isa = PBXGroup;
			children = (
				1058C7ACFEA557BF11CA2CBB /* Linked Frameworks */,
				1058C7AEFEA557BF11CA2CBB /* Other Frameworks */,
			);
			name = "Frameworks and Libraries";
			sourceTree = "<group>";
		};
		089C167CFE841241C02AAC07 /* Resources */ = {
			isa = PBXGroup;
			children = (
				8D5B49B7048680CD000E48DA /* Info.plist */,
				089C167DFE841241C02AAC07 /* InfoPlist.strings */,
			);
			name = Resources;
			sourceTree = "<group>";
		};
		08FB77AFFE84173DC02AAC07 /* Classes */ = {
			isa = PBXGroup;
			children = (
				2B75AF1B0999412D0095A74D /* ABPlugin.h */,
				2B75AF1D0999412D0095A74D /* ABPlugin.m */,
				2B75AF1C0999412D0095A74D /* Contact.h */,
				2B75AF1E0999412D0095A74D /* Contact.m */,
				2B44C62C0DA7C545003D204F /* PasswordManager.h */,
				2B44C62D0DA7C545003D204F /* PasswordManager.m */,
			);
			name = Classes;
			sourceTree = "<group>";
		};
		1058C7ACFEA557BF11CA2CBB /* Linked Frameworks */ = {
			isa = PBXGroup;
			children = (
				2B44C63D0DA7C907003D204F /* Security.framework */,
				1058C7ADFEA557BF11CA2CBB /* Cocoa.framework */,
			);
			name = "Linked Frameworks";
			sourceTree = "<group>";
		};
		1058C7AEFEA557BF11CA2CBB /* Other Frameworks */ = {
			isa = PBXGroup;
			children = (
				2B75AF2A099941F40095A74D /* AddressBook.framework */,
				089C167FFE841241C02AAC07 /* AppKit.framework */,
				D2F7E65807B2D6F200F64583 /* CoreData.framework */,
				089C1672FE841209C02AAC07 /* Foundation.framework */,
			);
			name = "Other Frameworks";
			sourceTree = "<group>";
		};
		19C28FB8FE9D52D311CA2CBB /* Products */ = {
			isa = PBXGroup;
			children = (
				8D5B49B6048680CD000E48DA /* ABPlugin.widgetplugin */,
				2BDBB3860D54B6F70043A8F1 /* ABPluginTest.octest */,
				2BDBBEDB0D54BDE60043A8F1 /* TestRunner.app */,
			);
			name = Products;
			sourceTree = "<group>";
		};
		2BDBB3740D54B6300043A8F1 /* Test */ = {
			isa = PBXGroup;
			children = (
				2BDBB3870D54B6F70043A8F1 /* ABPluginTest-Info.plist */,
				2BDBB3770D54B64F0043A8F1 /* ContactTestCase.h */,
				2BDBB3780D54B64F0043A8F1 /* ContactTestCase.m */,
				2B44C6550DA7CBAE003D204F /* PasswordManagerTestCase.h */,
				2B44C6560DA7CBAE003D204F /* PasswordManagerTestCase.m */,
				2B9E5DC60DAA56330012959C /* ABPluginTestCase.h */,
				2B9E5DC70DAA56330012959C /* ABPluginTestCase.m */,
				2BDBBE020D54B9DC0043A8F1 /* TestRunner */,
			);
			path = Test;
			sourceTree = "<group>";
		};
		2BDBBE020D54B9DC0043A8F1 /* TestRunner */ = {
			isa = PBXGroup;
			children = (
				2BDBBF7E0D54C1CD0043A8F1 /* TestRunnerMain.m */,
				2BDBBF0D0D54BF3D0043A8F1 /* TestRunner.h */,
				2BDBBF0E0D54BF3D0043A8F1 /* TestRunner.m */,
				2BDBBF0A0D54BF0F0043A8F1 /* Resources */,
			);
			path = TestRunner;
			sourceTree = "<group>";
		};
		2BDBBF0A0D54BF0F0043A8F1 /* Resources */ = {
			isa = PBXGroup;
			children = (
				2BDBBF930D54C27F0043A8F1 /* TestRunner-Info.plist */,
				2BDBBEFA0D54BEB90043A8F1 /* TestRunner.nib */,
			);
			name = Resources;
			path = ..;
			sourceTree = "<group>";
		};
		32C88E010371C26100C91783 /* Other Sources */ = {
			isa = PBXGroup;
			children = (
				32DBCF630370AF2F00C91783 /* ABPlugin_Prefix.pch */,
			);
			name = "Other Sources";
			sourceTree = "<group>";
		};
/* End PBXGroup section */

/* Begin PBXNativeTarget section */
		2BDBB3850D54B6F70043A8F1 /* ABPluginTest */ = {
			isa = PBXNativeTarget;
			buildConfigurationList = 2BDBB3890D54B6F90043A8F1 /* Build configuration list for PBXNativeTarget "ABPluginTest" */;
			buildPhases = (
				2BDBB3810D54B6F70043A8F1 /* Resources */,
				2BDBB3820D54B6F70043A8F1 /* Sources */,
				2BDBB3830D54B6F70043A8F1 /* Frameworks */,
				2BDBB3840D54B6F70043A8F1 /* ShellScript */,
			);
			buildRules = (
			);
			dependencies = (
				2B9E5D0D0DAA44640012959C /* PBXTargetDependency */,
				2BDBB38D0D54B6FE0043A8F1 /* PBXTargetDependency */,
			);
			name = ABPluginTest;
			productName = ABPluginTest;
			productReference = 2BDBB3860D54B6F70043A8F1 /* ABPluginTest.octest */;
			productType = "com.apple.product-type.bundle";
		};
		2BDBBEDA0D54BDE60043A8F1 /* TestRunner */ = {
			isa = PBXNativeTarget;
			buildConfigurationList = 2BDBBEDE0D54BDE80043A8F1 /* Build configuration list for PBXNativeTarget "TestRunner" */;
			buildPhases = (
				2BDBBED70D54BDE60043A8F1 /* Resources */,
				2BDBBED80D54BDE60043A8F1 /* Sources */,
				2BDBBED90D54BDE60043A8F1 /* Frameworks */,
			);
			buildRules = (
			);
			dependencies = (
				2BDBBF410D54C0310043A8F1 /* PBXTargetDependency */,
			);
			name = TestRunner;
			productName = TestRunner;
			productReference = 2BDBBEDB0D54BDE60043A8F1 /* TestRunner.app */;
			productType = "com.apple.product-type.application";
		};
		8D5B49AC048680CD000E48DA /* ABPlugin */ = {
			isa = PBXNativeTarget;
			buildConfigurationList = 1DEB913A08733D840010E9CD /* Build configuration list for PBXNativeTarget "ABPlugin" */;
			buildPhases = (
				8D5B49AF048680CD000E48DA /* Resources */,
				8D5B49B1048680CD000E48DA /* Sources */,
				8D5B49B3048680CD000E48DA /* Frameworks */,
			);
			buildRules = (
			);
			dependencies = (
			);
			name = ABPlugin;
			productInstallPath = "$(HOME)/Library/Bundles";
			productName = ABPlugin;
			productReference = 8D5B49B6048680CD000E48DA /* ABPlugin.widgetplugin */;
			productType = "com.apple.product-type.bundle";
		};
/* End PBXNativeTarget section */

/* Begin PBXProject section */
		089C1669FE841209C02AAC07 /* Project object */ = {
			isa = PBXProject;
			buildConfigurationList = 1DEB913E08733D840010E9CD /* Build configuration list for PBXProject "ABPlugin" */;
			hasScannedForEncodings = 1;
			mainGroup = 089C166AFE841209C02AAC07 /* ABPlugin */;
			projectDirPath = "";
			targets = (
				8D5B49AC048680CD000E48DA /* ABPlugin */,
				2BDBB3850D54B6F70043A8F1 /* ABPluginTest */,
				2BDBBEDA0D54BDE60043A8F1 /* TestRunner */,
			);
		};
/* End PBXProject section */

/* Begin PBXResourcesBuildPhase section */
		2BDBB3810D54B6F70043A8F1 /* Resources */ = {
			isa = PBXResourcesBuildPhase;
			buildActionMask = 2147483647;
			files = (
			);
			runOnlyForDeploymentPostprocessing = 0;
		};
		2BDBBED70D54BDE60043A8F1 /* Resources */ = {
			isa = PBXResourcesBuildPhase;
			buildActionMask = 2147483647;
			files = (
				2BDBBF450D54C0520043A8F1 /* ABPlugin.widgetplugin in Resources */,
				2BDBBEFB0D54BEB90043A8F1 /* TestRunner.nib in Resources */,
			);
			runOnlyForDeploymentPostprocessing = 0;
		};
		8D5B49AF048680CD000E48DA /* Resources */ = {
			isa = PBXResourcesBuildPhase;
			buildActionMask = 2147483647;
			files = (
				8D5B49B0048680CD000E48DA /* InfoPlist.strings in Resources */,
			);
			runOnlyForDeploymentPostprocessing = 0;
		};
/* End PBXResourcesBuildPhase section */

/* Begin PBXShellScriptBuildPhase section */
		2BDBB3840D54B6F70043A8F1 /* ShellScript */ = {
			isa = PBXShellScriptBuildPhase;
			buildActionMask = 2147483647;
			files = (
			);
			inputPaths = (
			);
			outputPaths = (
			);
			runOnlyForDeploymentPostprocessing = 0;
			shellPath = /bin/sh;
			shellScript = "# Run the unit tests in this test bundle.\n\"${SYSTEM_DEVELOPER_DIR}/Tools/RunUnitTests\"\n";
		};
/* End PBXShellScriptBuildPhase section */

/* Begin PBXSourcesBuildPhase section */
		2BDBB3820D54B6F70043A8F1 /* Sources */ = {
			isa = PBXSourcesBuildPhase;
			buildActionMask = 2147483647;
			files = (
				2B44C6570DA7CBAE003D204F /* PasswordManagerTestCase.m in Sources */,
				2B44C6BB0DA7CE08003D204F /* PasswordManager.m in Sources */,
				2B9E5DC80DAA56330012959C /* ABPluginTestCase.m in Sources */,
			);
			runOnlyForDeploymentPostprocessing = 0;
		};
		2BDBBED80D54BDE60043A8F1 /* Sources */ = {
			isa = PBXSourcesBuildPhase;
			buildActionMask = 2147483647;
			files = (
				2BDBBF0F0D54BF3D0043A8F1 /* TestRunner.m in Sources */,
				2BDBBF7F0D54C1CD0043A8F1 /* TestRunnerMain.m in Sources */,
			);
			runOnlyForDeploymentPostprocessing = 0;
		};
		8D5B49B1048680CD000E48DA /* Sources */ = {
			isa = PBXSourcesBuildPhase;
			buildActionMask = 2147483647;
			files = (
				2B75AF1F0999412D0095A74D /* ABPlugin.m in Sources */,
				2B75AF200999412D0095A74D /* Contact.m in Sources */,
				2B44C62E0DA7C545003D204F /* PasswordManager.m in Sources */,
			);
			runOnlyForDeploymentPostprocessing = 0;
		};
/* End PBXSourcesBuildPhase section */

/* Begin PBXTargetDependency section */
		2B9E5D0D0DAA44640012959C /* PBXTargetDependency */ = {
			isa = PBXTargetDependency;
			target = 2BDBBEDA0D54BDE60043A8F1 /* TestRunner */;
			targetProxy = 2B9E5D0C0DAA44640012959C /* PBXContainerItemProxy */;
		};
		2BDBB38D0D54B6FE0043A8F1 /* PBXTargetDependency */ = {
			isa = PBXTargetDependency;
			target = 8D5B49AC048680CD000E48DA /* ABPlugin */;
			targetProxy = 2BDBB38C0D54B6FE0043A8F1 /* PBXContainerItemProxy */;
		};
		2BDBBF410D54C0310043A8F1 /* PBXTargetDependency */ = {
			isa = PBXTargetDependency;
			target = 8D5B49AC048680CD000E48DA /* ABPlugin */;
			targetProxy = 2BDBBF400D54C0310043A8F1 /* PBXContainerItemProxy */;
		};
/* End PBXTargetDependency section */

/* Begin PBXVariantGroup section */
		089C167DFE841241C02AAC07 /* InfoPlist.strings */ = {
			isa = PBXVariantGroup;
			children = (
				089C167EFE841241C02AAC07 /* English */,
			);
			name = InfoPlist.strings;
			sourceTree = "<group>";
		};
/* End PBXVariantGroup section */

/* Begin XCBuildConfiguration section */
		1DEB913B08733D840010E9CD /* Debug */ = {
			isa = XCBuildConfiguration;
			buildSettings = {
				COPY_PHASE_STRIP = NO;
				GCC_DYNAMIC_NO_PIC = NO;
				GCC_ENABLE_FIX_AND_CONTINUE = YES;
				GCC_MODEL_TUNING = G5;
				GCC_OPTIMIZATION_LEVEL = 0;
				GCC_PRECOMPILE_PREFIX_HEADER = YES;
				GCC_PREFIX_HEADER = ABPlugin_Prefix.pch;
				INFOPLIST_FILE = Info.plist;
				INSTALL_PATH = "$(HOME)/Library/Bundles";
				PRODUCT_NAME = ABPlugin;
				WRAPPER_EXTENSION = widgetplugin;
				ZERO_LINK = YES;
			};
			name = Debug;
		};
		1DEB913C08733D840010E9CD /* Release */ = {
			isa = XCBuildConfiguration;
			buildSettings = {
				ARCHS = (
					ppc,
					i386,
				);
				GCC_GENERATE_DEBUGGING_SYMBOLS = NO;
				GCC_MODEL_TUNING = G5;
				GCC_PRECOMPILE_PREFIX_HEADER = YES;
				GCC_PREFIX_HEADER = ABPlugin_Prefix.pch;
				INFOPLIST_FILE = Info.plist;
				INSTALL_PATH = "$(HOME)/Library/Bundles";
				PRODUCT_NAME = ABPlugin;
				WRAPPER_EXTENSION = widgetplugin;
			};
			name = Release;
		};
		1DEB913F08733D840010E9CD /* Debug */ = {
			isa = XCBuildConfiguration;
			buildSettings = {
				GCC_WARN_ABOUT_RETURN_TYPE = YES;
				GCC_WARN_UNUSED_VARIABLE = YES;
				PREBINDING = NO;
				SDKROOT = /Developer/SDKs/MacOSX10.4u.sdk;
			};
			name = Debug;
		};
		1DEB914008733D840010E9CD /* Release */ = {
			isa = XCBuildConfiguration;
			buildSettings = {
				GCC_WARN_ABOUT_RETURN_TYPE = YES;
				GCC_WARN_UNUSED_VARIABLE = YES;
				PREBINDING = NO;
				SDKROOT = /Developer/SDKs/MacOSX10.4u.sdk;
			};
			name = Release;
		};
		2BDBB38A0D54B6F90043A8F1 /* Debug */ = {
			isa = XCBuildConfiguration;
			buildSettings = {
				BUNDLE_LOADER = build/Debug/TestRunner.app/Contents/MacOS/TestRunner;
				COPY_PHASE_STRIP = NO;
				FRAMEWORK_SEARCH_PATHS = (
					"$(value)",
					"$(DEVELOPER_FRAMEWORKS_DIR_QUOTED)",
				);
				GCC_DYNAMIC_NO_PIC = NO;
				GCC_ENABLE_FIX_AND_CONTINUE = NO;
				GCC_ENABLE_OBJC_EXCEPTIONS = YES;
				GCC_GENERATE_DEBUGGING_SYMBOLS = YES;
				GCC_MODEL_TUNING = G5;
				GCC_OPTIMIZATION_LEVEL = 0;
				GCC_PRECOMPILE_PREFIX_HEADER = YES;
				GCC_PREFIX_HEADER = "$(SYSTEM_LIBRARY_DIR)/Frameworks/Cocoa.framework/Headers/Cocoa.h";
				INFOPLIST_FILE = "ABPluginTest-Info.plist";
				INSTALL_PATH = "$(USER_LIBRARY_DIR)/Bundles";
				OTHER_LDFLAGS = (
					"-framework",
					Cocoa,
					"-framework",
					SenTestingKit,
				);
				PREBINDING = NO;
				PRODUCT_NAME = ABPluginTest;
				TEST_HOST = "";
				WRAPPER_EXTENSION = octest;
				ZERO_LINK = NO;
			};
			name = Debug;
		};
		2BDBB38B0D54B6F90043A8F1 /* Release */ = {
			isa = XCBuildConfiguration;
			buildSettings = {
				BUNDLE_LOADER = build/Release/TestRunner.app/Contents/MacOS/TestRunner;
				COPY_PHASE_STRIP = YES;
				FRAMEWORK_SEARCH_PATHS = (
					"$(value)",
					"$(DEVELOPER_FRAMEWORKS_DIR_QUOTED)",
				);
				GCC_ENABLE_FIX_AND_CONTINUE = NO;
				GCC_ENABLE_OBJC_EXCEPTIONS = YES;
				GCC_GENERATE_DEBUGGING_SYMBOLS = NO;
				GCC_MODEL_TUNING = G5;
				GCC_PRECOMPILE_PREFIX_HEADER = YES;
				GCC_PREFIX_HEADER = "$(SYSTEM_LIBRARY_DIR)/Frameworks/Cocoa.framework/Headers/Cocoa.h";
				INFOPLIST_FILE = "Test/ABPluginTest-Info.plist";
				INSTALL_PATH = "$(USER_LIBRARY_DIR)/Bundles";
				OTHER_LDFLAGS = (
					"-framework",
					Cocoa,
					"-framework",
					SenTestingKit,
				);
				PREBINDING = NO;
				PRODUCT_NAME = ABPluginTest;
				TEST_HOST = "$(BUNDLE_LOADER)";
				WRAPPER_EXTENSION = octest;
				ZERO_LINK = NO;
			};
			name = Release;
		};
		2BDBBEDF0D54BDE80043A8F1 /* Debug */ = {
			isa = XCBuildConfiguration;
			buildSettings = {
				COPY_PHASE_STRIP = NO;
				GCC_DYNAMIC_NO_PIC = NO;
				GCC_ENABLE_FIX_AND_CONTINUE = YES;
				GCC_GENERATE_DEBUGGING_SYMBOLS = YES;
				GCC_MODEL_TUNING = G5;
				GCC_OPTIMIZATION_LEVEL = 0;
				GCC_PRECOMPILE_PREFIX_HEADER = YES;
				GCC_PREFIX_HEADER = "$(SYSTEM_LIBRARY_DIR)/Frameworks/AppKit.framework/Headers/AppKit.h";
				INFOPLIST_FILE = "TestRunner-Info.plist";
				INSTALL_PATH = "$(HOME)/Applications";
				OTHER_LDFLAGS = (
					"-framework",
					Foundation,
					"-framework",
					AppKit,
				);
				PREBINDING = NO;
				PRODUCT_NAME = TestRunner;
				WRAPPER_EXTENSION = app;
				ZERO_LINK = YES;
			};
			name = Debug;
		};
		2BDBBEE00D54BDE80043A8F1 /* Release */ = {
			isa = XCBuildConfiguration;
			buildSettings = {
				COPY_PHASE_STRIP = YES;
				GCC_ENABLE_FIX_AND_CONTINUE = NO;
				GCC_GENERATE_DEBUGGING_SYMBOLS = NO;
				GCC_MODEL_TUNING = G5;
				GCC_PRECOMPILE_PREFIX_HEADER = YES;
				GCC_PREFIX_HEADER = "$(SYSTEM_LIBRARY_DIR)/Frameworks/AppKit.framework/Headers/AppKit.h";
				INFOPLIST_FILE = "Test/TestRunner/TestRunner-Info.plist";
				INSTALL_PATH = "$(HOME)/Applications";
				OTHER_LDFLAGS = (
					"-framework",
					Foundation,
					"-framework",
					AppKit,
				);
				PREBINDING = NO;
				PRODUCT_NAME = TestRunner;
				WRAPPER_EXTENSION = app;
				ZERO_LINK = NO;
			};
			name = Release;
		};
/* End XCBuildConfiguration section */

/* Begin XCConfigurationList section */
		1DEB913A08733D840010E9CD /* Build configuration list for PBXNativeTarget "ABPlugin" */ = {
			isa = XCConfigurationList;
			buildConfigurations = (
				1DEB913B08733D840010E9CD /* Debug */,
				1DEB913C08733D840010E9CD /* Release */,
			);
			defaultConfigurationIsVisible = 0;
			defaultConfigurationName = Release;
		};
		1DEB913E08733D840010E9CD /* Build configuration list for PBXProject "ABPlugin" */ = {
			isa = XCConfigurationList;
			buildConfigurations = (
				1DEB913F08733D840010E9CD /* Debug */,
				1DEB914008733D840010E9CD /* Release */,
			);
			defaultConfigurationIsVisible = 0;
			defaultConfigurationName = Release;
		};
		2BDBB3890D54B6F90043A8F1 /* Build configuration list for PBXNativeTarget "ABPluginTest" */ = {
			isa = XCConfigurationList;
			buildConfigurations = (
				2BDBB38A0D54B6F90043A8F1 /* Debug */,
				2BDBB38B0D54B6F90043A8F1 /* Release */,
			);
			defaultConfigurationIsVisible = 0;
			defaultConfigurationName = Release;
		};
		2BDBBEDE0D54BDE80043A8F1 /* Build configuration list for PBXNativeTarget "TestRunner" */ = {
			isa = XCConfigurationList;
			buildConfigurations = (
				2BDBBEDF0D54BDE80043A8F1 /* Debug */,
				2BDBBEE00D54BDE80043A8F1 /* Release */,
			);
			defaultConfigurationIsVisible = 0;
			defaultConfigurationName = Release;
		};
/* End XCConfigurationList section */
	};
	rootObject = 089C1669FE841209C02AAC07 /* Project object */;
}
